{
  "name": "matchcv",
  "version": "1.0.0",
  "lockfileVersion": 3,
  "requires": true,
  "packages": {
    "": {
      "name": "matchcv",
      "version": "1.0.0",
      "license": "MIT",
      "devDependencies": {
        "@types/bcryptjs": "^2.4.6",
        "@types/jsonwebtoken": "^9.0.10",
        "@types/node": "^20.0.0",
        "typescript": "^5.0.0"
      },
      "engines": {
        "node": ">=20.19.4",
        "npm": ">=10.0.0"
      }
    },
    "backend": {
      "name": "@matchcv/backend",
      "version": "1.0.0",
      "extraneous": true,
      "dependencies": {
        "@prisma/client": "^6.16.2",
        "bcryptjs": "^2.4.3",
        "cors": "^2.8.5",
        "dotenv": "^16.3.1",
        "express": "^4.18.2",
        "jsonwebtoken": "^9.0.2",
        "prisma": "^6.16.2"
      },
      "devDependencies": {
        "@types/bcryptjs": "^2.4.6",
        "@types/cors": "^2.8.17",
        "@types/express": "^4.17.21",
        "@types/jsonwebtoken": "^9.0.5",
        "@types/node": "^20.10.5",
        "tsx": "^4.6.2",
        "typescript": "^5.3.3"
      },
      "engines": {
        "node": ">=20.19.4"
      }
    },
    "mobile": {
      "name": "@matchcv/mobile",
      "version": "1.0.0",
      "extraneous": true,
      "dependencies": {
        "@expo/vector-icons": "^15.0.2",
        "@hookform/resolvers": "^5.2.2",
        "@matchcv/shared": "file:../shared",
        "@react-native-async-storage/async-storage": "2.2.0",
        "@react-native-community/netinfo": "11.4.1",
        "@react-navigation/native": "^7.1.17",
        "@tanstack/react-query": "^5.17.0",
        "expo": "~54.0.0",
        "expo-constants": "~18.0.9",
        "expo-dev-client": "~6.0.12",
        "expo-image-picker": "~17.0.8",
        "expo-linking": "^8.0.8",
        "expo-location": "~19.0.7",
        "expo-notifications": "^0.32.11",
        "expo-router": "~6.0.6",
        "expo-secure-store": "~15.0.7",
        "expo-status-bar": "~3.0.8",
        "react": "19.1.0",
        "react-dom": "^19.1.0",
        "react-hook-form": "^7.48.2",
        "react-native": "0.81.4",
        "react-native-maps": "1.20.1",
        "react-native-paper": "^5.11.6",
        "react-native-safe-area-context": "~5.6.0",
        "react-native-screens": "~4.16.0",
        "zod": "^3.22.4",
        "zustand": "^4.4.7"
      },
      "devDependencies": {
        "@babel/core": "^7.20.0",
        "@types/react": "~19.1.10",
        "@types/react-native": "~0.73.0",
        "typescript": "^5.4.5"
      },
      "engines": {
        "node": ">=20.19.4"
      }
    },
    "node_modules/@types/bcryptjs": {
      "version": "2.4.6",
      "resolved": "https://registry.npmjs.org/@types/bcryptjs/-/bcryptjs-2.4.6.tgz",
      "integrity": "sha512-9xlo6R2qDs5uixm0bcIqCeMCE6HiQsIyel9KQySStiyqNl2tnj2mP3DX1Nf56MD6KMenNNlBBsy3LJ7gUEQPXQ==",
      "dev": true,
      "license": "MIT"
    },
    "node_modules/@types/jsonwebtoken": {
      "version": "9.0.10",
      "resolved": "https://registry.npmjs.org/@types/jsonwebtoken/-/jsonwebtoken-9.0.10.tgz",
      "integrity": "sha512-asx5hIG9Qmf/1oStypjanR7iKTv0gXQ1Ov/jfrX6kS/EO0OFni8orbmGCn0672NHR3kXHwpAwR+B368ZGN/2rA==",
      "dev": true,
      "license": "MIT",
      "dependencies": {
        "@types/ms": "*",
        "@types/node": "*"
      }
    },
    "node_modules/@types/ms": {
      "version": "2.1.0",
      "resolved": "https://registry.npmjs.org/@types/ms/-/ms-2.1.0.tgz",
      "integrity": "sha512-GsCCIZDE/p3i96vtEqx+7dBUGXrc7zeSK3wwPHIaRThS+9OhWIXRqzs4d6k1SVU8g91DrNRWxWUGhp5KXQb2VA==",
      "dev": true,
      "license": "MIT"
    },
    "node_modules/@types/node": {
      "version": "20.19.17",
      "resolved": "https://registry.npmjs.org/@types/node/-/node-20.19.17.tgz",
      "integrity": "sha512-gfehUI8N1z92kygssiuWvLiwcbOB3IRktR6hTDgJlXMYh5OvkPSRmgfoBUmfZt+vhwJtX7v1Yw4KvvAf7c5QKQ==",
      "dev": true,
      "license": "MIT",
      "dependencies": {
        "undici-types": "~6.21.0"
      }
    },
    "node_modules/typescript": {
      "version": "5.9.2",
      "resolved": "https://registry.npmjs.org/typescript/-/typescript-5.9.2.tgz",
      "integrity": "sha512-CWBzXQrc/qOkhidw1OzBTQuYRbfyxDXJMVJ1XNwUHGROVmuaeiEm3OslpZ1RV96d7SKKjZKrSJu3+t/xlw3R9A==",
      "dev": true,
      "license": "Apache-2.0",
      "bin": {
        "tsc": "bin/tsc",
        "tsserver": "bin/tsserver"
      },
      "engines": {
        "node": ">=14.17"
      }
    },
    "node_modules/undici-types": {
      "version": "6.21.0",
      "resolved": "https://registry.npmjs.org/undici-types/-/undici-types-6.21.0.tgz",
      "integrity": "sha512-iwDZqg0QAGrg9Rav5H4n0M64c3mkR59cJ6wQp+7C4nI0gsmExaedaYLNO44eT4AtBBwjbTiGPMlt2Md0T9H9JQ==",
      "dev": true,
      "license": "MIT"
    },
    "shared": {
      "name": "@matchcv/shared",
      "version": "1.0.0",
      "extraneous": true,
      "license": "MIT",
      "devDependencies": {
        "typescript": "^5.0.0"
      }
    }
  }
}
